
Microsoft Visual Studio Solution File, Format Version 12.00
# Visual Studio Version 16
VisualStudioVersion = 16.0.30503.244
MinimumVisualStudioVersion = 10.0.40219.1
Project("{FAE04EC0-301F-11D3-BF4B-00C04F79EFBC}") = "ConsoleApp4", "ConsoleApp4\ConsoleApp4.csproj", "{BDE4910E-7B12-4629-84EB-4690E4058429}"
EndProject
Global
	GlobalSection(SolutionConfigurationPlatforms) = preSolution
		Debug|Any CPU = Debug|Any CPU
		Release|Any CPU = Release|Any CPU
	EndGlobalSection
	GlobalSection(ProjectConfigurationPlatforms) = postSolution
		{BDE4910E-7B12-4629-84EB-4690E4058429}.Debug|Any CPU.ActiveCfg = Debug|Any CPU
		{BDE4910E-7B12-4629-84EB-4690E4058429}.Debug|Any CPU.Build.0 = Debug|Any CPU
		{BDE4910E-7B12-4629-84EB-4690E4058429}.Release|Any CPU.ActiveCfg = Release|Any CPU
		{BDE4910E-7B12-4629-84EB-4690E4058429}.Release|Any CPU.Build.0 = Release|Any CPU
	EndGlobalSection
	GlobalSection(SolutionProperties) = preSolution
		HideSolutionNode = FALSE
	EndGlobalSection
	GlobalSection(ExtensibilityGlobals) = postSolution
		SolutionGuid = {A0CA9613-21E3-442D-9B28-BFE4362192BE}
	EndGlobalSection
EndGlobal
